{
  "name": "html",
  "version": "1.0.0",
  "lockfileVersion": 1,
  "requires": true,
  "dependencies": {
    "stylelint-config-prettier": {
      "version": "5.1.0",
      "resolved": "https://registry.npmjs.org/stylelint-config-prettier/-/stylelint-config-prettier-5.1.0.tgz",
      "integrity": "sha512-xRWnMTVxVcBJ2lHi0Y1B0Gr8RoXC6SsnXNYb5sjmDYupf2fxx67uxrms8jni1pviR/4QkwlqKuuH6Z4nXWnPWw==",
      "dev": true
    }
  }
}
